{
  "name": "avilapplejuice",
  "version": "1.0.0",
  "lockfileVersion": 3,
  "requires": true,
  "packages": {
    "": {
      "name": "avilapplejuice",
      "version": "1.0.0",
      "license": "ISC",
      "dependencies": {
        "bleno2": "^0.7.0"
      }
    },
    "node_modules/bleno2": {
      "version": "0.7.0",
      "resolved": "https://registry.npmmirror.com/bleno2/-/bleno2-0.7.0.tgz",
      "integrity": "sha512-PozC88479PxukyOOupEeJ02nzgk2Te9ZoWx1yEABqcBykUfLWsXsmWqjqFsFy5Cu/iuvRFqpaI4LCG10tUARmg==",
      "os": [
        "darwin",
        "linux",
        "android",
        "freebsd",
        "win32"
      ],
      "dependencies": {
        "debug": "^2.2.0"
      },
      "engines": {
        "node": ">=0.8"
      },
      "optionalDependencies": {
        "bluetooth-hci-socket2": "^0.7.0",
        "bplist-parser": "0.0.6",
        "xpc-connection": "~0.1.4"
      }
    },
    "node_modules/bluetooth-hci-socket2": {
      "version": "0.7.0",
      "resolved": "https://registry.npmmirror.com/bluetooth-hci-socket2/-/bluetooth-hci-socket2-0.7.0.tgz",
      "integrity": "sha512-nhtAXWeHDkr2s9TafJBqAbt7hV1S6hs+g23SBdLAfUm8/Xf8cq6v+LUuWb/Ql5lv0c5WzMFOmLwNZplMyul53w==",
      "hasInstallScript": true,
      "optional": true,
      "os": [
        "linux",
        "android",
        "freebsd",
        "win32"
      ],
      "dependencies": {
        "debug": "^4.3.1",
        "nan": "^2.14.2"
      },
      "optionalDependencies": {
        "usb": "^1.6.5"
      }
    },
    "node_modules/bluetooth-hci-socket2/node_modules/debug": {
      "version": "4.3.4",
      "resolved": "https://registry.npmmirror.com/debug/-/debug-4.3.4.tgz",
      "integrity": "sha512-PRWFHuSU3eDtQJPvnNY7Jcket1j0t5OuOsFzPPzsekD52Zl8qUfFIPEiswXqIvHWGVHOgX+7G/vCNNhehwxfkQ==",
      "optional": true,
      "dependencies": {
        "ms": "2.1.2"
      },
      "engines": {
        "node": ">=6.0"
      },
      "peerDependenciesMeta": {
        "supports-color": {
          "optional": true
        }
      }
    },
    "node_modules/bluetooth-hci-socket2/node_modules/ms": {
      "version": "2.1.2",
      "resolved": "https://registry.npmmirror.com/ms/-/ms-2.1.2.tgz",
      "integrity": "sha512-sGkPx+VjMtmA6MX27oA4FBFELFCZZ4S4XqeGOXCv68tT+jb3vk/RyaKWP0PTKyWtmLSM0b+adUTEvbs1PEaH2w==",
      "optional": true
    },
    "node_modules/bplist-parser": {
      "version": "0.0.6",
      "resolved": "https://registry.npmmirror.com/bplist-parser/-/bplist-parser-0.0.6.tgz",
      "integrity": "sha512-fGeghPEH4Eytvf+Mi446aKcDqvkA/+eh6r7QGiZWMQG6TzqrnsToLP379XFfqRSZ41+676hhGIm++maNST1Apw==",
      "optional": true
    },
    "node_modules/debug": {
      "version": "2.6.9",
      "resolved": "https://registry.npmmirror.com/debug/-/debug-2.6.9.tgz",
      "integrity": "sha512-bC7ElrdJaJnPbAP+1EotYvqZsb3ecl5wi6Bfi6BJTUcNowp6cvspg0jXznRTKDjm/E7AdgFBVeAPVMNcKGsHMA==",
      "dependencies": {
        "ms": "2.0.0"
      }
    },
    "node_modules/ms": {
      "version": "2.0.0",
      "resolved": "https://registry.npmmirror.com/ms/-/ms-2.0.0.tgz",
      "integrity": "sha512-Tpp60P6IUJDTuOq/5Z8cdskzJujfwqfOTkrwIwj7IRISpnkJnT6SyJ4PCPnGMoFjC9ddhal5KVIYtAt97ix05A=="
    },
    "node_modules/nan": {
      "version": "2.18.0",
      "resolved": "https://registry.npmmirror.com/nan/-/nan-2.18.0.tgz",
      "integrity": "sha512-W7tfG7vMOGtD30sHoZSSc/JVYiyDPEyQVso/Zz+/uQd0B0L46gtC+pHha5FFMRpil6fm/AoEcRWyOVi4+E/f8w==",
      "optional": true
    },
    "node_modules/node-addon-api": {
      "version": "4.3.0",
      "resolved": "https://registry.npmmirror.com/node-addon-api/-/node-addon-api-4.3.0.tgz",
      "integrity": "sha512-73sE9+3UaLYYFmDsFZnqCInzPyh3MqIwZO9cw58yIqAZhONrrabrYyYe3TuIqtIiOuTXVhsGau8hcrhhwSsDIQ==",
      "optional": true
    },
    "node_modules/node-gyp-build": {
      "version": "4.6.1",
      "resolved": "https://registry.npmmirror.com/node-gyp-build/-/node-gyp-build-4.6.1.tgz",
      "integrity": "sha512-24vnklJmyRS8ViBNI8KbtK/r/DmXQMRiOMXTNz2nrTnAYUwjmEEbnnpB/+kt+yWRv73bPsSPRFddrcIbAxSiMQ==",
      "optional": true,
      "bin": {
        "node-gyp-build": "bin.js",
        "node-gyp-build-optional": "optional.js",
        "node-gyp-build-test": "build-test.js"
      }
    },
    "node_modules/usb": {
      "version": "1.9.2",
      "resolved": "https://registry.npmmirror.com/usb/-/usb-1.9.2.tgz",
      "integrity": "sha512-dryNz030LWBPAf6gj8vyq0Iev3vPbCLHCT8dBw3gQRXRzVNsIdeuU+VjPp3ksmSPkeMAl1k+kQ14Ij0QHyeiAg==",
      "hasInstallScript": true,
      "optional": true,
      "dependencies": {
        "node-addon-api": "^4.2.0",
        "node-gyp-build": "^4.3.0"
      },
      "engines": {
        "node": ">=10.16.0"
      }
    },
    "node_modules/xpc-connection": {
      "version": "0.1.4",
      "resolved": "https://registry.npmmirror.com/xpc-connection/-/xpc-connection-0.1.4.tgz",
      "integrity": "sha512-Np4+cx5l9zhSNrH5O5niVqVT0vBnja4IG5CxuBgCvTdWGiyujRwUTSj/FtT66KX84/MMCKpt5wIcuORBMFT6qQ==",
      "hasInstallScript": true,
      "optional": true,
      "os": [
        "darwin"
      ],
      "dependencies": {
        "nan": "^2.0.5"
      },
      "engines": {
        "node": ">=0.8"
      }
    }
  }
}
