# THIS IS AN AUTOGENERATED FILE. DO NOT EDIT THIS FILE DIRECTLY.
# yarn lockfile v1


bleno@^0.5.0:
  version "0.5.0"
  resolved "https://registry.npmmirror.com/bleno/-/bleno-0.5.0.tgz#80b64ce32ad902126790166611838233d8292396"
  integrity sha512-oH/iddkMIMoW0HgzhN32My+qUCz1sKSQsAvIiDFaeY8RGnZ/S08Xgo2XWwhWSaA9bVsVjY3zmbeaQ55H+W+zBQ==
  dependencies:
    debug "^2.2.0"
  optionalDependencies:
    bluetooth-hci-socket "^0.5.1"
    bplist-parser "0.0.6"
    xpc-connection "~0.1.4"

bluetooth-hci-socket@^0.5.1:
  version "0.5.1"
  resolved "https://registry.npmmirror.com/bluetooth-hci-socket/-/bluetooth-hci-socket-0.5.1.tgz#efbe21524fc1cf5d3fae5d51365d561d4abbed0b"
  integrity sha512-5/cPO2R+X4UXLudZOevREf3kwyCNCVovA9rcXk5smBgx+q/sIucfkC6F57+xWR5X17bY931w6bB2EUaPh9ArfQ==
  dependencies:
    debug "^2.2.0"
    nan "^2.0.5"
  optionalDependencies:
    usb "^1.1.0"

bplist-parser@0.0.6:
  version "0.0.6"
  resolved "https://registry.npmmirror.com/bplist-parser/-/bplist-parser-0.0.6.tgz#38da3471817df9d44ab3892e27707bbbd75a11b9"
  integrity sha512-fGeghPEH4Eytvf+Mi446aKcDqvkA/+eh6r7QGiZWMQG6TzqrnsToLP379XFfqRSZ41+676hhGIm++maNST1Apw==

debug@^2.2.0:
  version "2.6.9"
  resolved "https://registry.npmmirror.com/debug/-/debug-2.6.9.tgz#5d128515df134ff327e90a4c93f4e077a536341f"
  integrity sha512-bC7ElrdJaJnPbAP+1EotYvqZsb3ecl5wi6Bfi6BJTUcNowp6cvspg0jXznRTKDjm/E7AdgFBVeAPVMNcKGsHMA==
  dependencies:
    ms "2.0.0"

ms@2.0.0:
  version "2.0.0"
  resolved "https://registry.npmmirror.com/ms/-/ms-2.0.0.tgz#5608aeadfc00be6c2901df5f9861788de0d597c8"
  integrity sha512-Tpp60P6IUJDTuOq/5Z8cdskzJujfwqfOTkrwIwj7IRISpnkJnT6SyJ4PCPnGMoFjC9ddhal5KVIYtAt97ix05A==

nan@^2.0.5:
  version "2.18.0"
  resolved "https://registry.npmmirror.com/nan/-/nan-2.18.0.tgz#26a6faae7ffbeb293a39660e88a76b82e30b7554"
  integrity sha512-W7tfG7vMOGtD30sHoZSSc/JVYiyDPEyQVso/Zz+/uQd0B0L46gtC+pHha5FFMRpil6fm/AoEcRWyOVi4+E/f8w==

node-addon-api@^4.2.0:
  version "4.3.0"
  resolved "https://registry.npmmirror.com/node-addon-api/-/node-addon-api-4.3.0.tgz#52a1a0b475193e0928e98e0426a0d1254782b77f"
  integrity sha512-73sE9+3UaLYYFmDsFZnqCInzPyh3MqIwZO9cw58yIqAZhONrrabrYyYe3TuIqtIiOuTXVhsGau8hcrhhwSsDIQ==

node-gyp-build@^4.3.0:
  version "4.6.1"
  resolved "https://registry.npmmirror.com/node-gyp-build/-/node-gyp-build-4.6.1.tgz#24b6d075e5e391b8d5539d98c7fc5c210cac8a3e"
  integrity sha512-24vnklJmyRS8ViBNI8KbtK/r/DmXQMRiOMXTNz2nrTnAYUwjmEEbnnpB/+kt+yWRv73bPsSPRFddrcIbAxSiMQ==

usb@^1.1.0:
  version "1.9.2"
  resolved "https://registry.npmmirror.com/usb/-/usb-1.9.2.tgz#fb6b36f744ecc707a196c45a6ec72442cb6f2b73"
  integrity sha512-dryNz030LWBPAf6gj8vyq0Iev3vPbCLHCT8dBw3gQRXRzVNsIdeuU+VjPp3ksmSPkeMAl1k+kQ14Ij0QHyeiAg==
  dependencies:
    node-addon-api "^4.2.0"
    node-gyp-build "^4.3.0"

xpc-connection@~0.1.4:
  version "0.1.4"
  resolved "https://registry.npmmirror.com/xpc-connection/-/xpc-connection-0.1.4.tgz#dcd7faa2aec6b7a6e18cc5ddad042f7a34c77156"
  integrity sha512-Np4+cx5l9zhSNrH5O5niVqVT0vBnja4IG5CxuBgCvTdWGiyujRwUTSj/FtT66KX84/MMCKpt5wIcuORBMFT6qQ==
  dependencies:
    nan "^2.0.5"
